PODS:
  - AMFoundation (0.2.0)

DEPENDENCIES:
  - AMFoundation (from `https://github.com/amrox/AMFoundation.git`)
  - AMFoundation (~> 0.2.0)

EXTERNAL SOURCES:
  AMFoundation:
    :git: https://github.com/amrox/AMFoundation.git

SPEC CHECKSUMS:
  AMFoundation: 5b33a1460255ba6f9cd25877c3c27fec51669eae

COCOAPODS: 0.25.0
