// !$*UTF8*$!
{
	archiveVersion = 1;
	classes = {
	};
	objectVersion = 46;
	objects = {

/* Begin PBXBuildFile section */
		B34904F3139AD14F00B08319 /* LoadableCategory.h in Headers */ = {isa = PBXBuildFile; fileRef = B34904F2139AD14F00B08319 /* LoadableCategory.h */; };
		B3B10080134D6CEB0010374A /* Foundation.framework in Frameworks */ = {isa = PBXBuildFile; fileRef = B3B1007F134D6CEB0010374A /* Foundation.framework */; };
		B3B1008B134D6CEB0010374A /* UIKit.framework in Frameworks */ = {isa = PBXBuildFile; fileRef = B3B1008A134D6CEB0010374A /* UIKit.framework */; };
		B3B1008C134D6CEB0010374A /* Foundation.framework in Frameworks */ = {isa = PBXBuildFile; fileRef = B3B1007F134D6CEB0010374A /* Foundation.framework */; };
		B3B1008E134D6CEB0010374A /* CoreGraphics.framework in Frameworks */ = {isa = PBXBuildFile; fileRef = B3B1008D134D6CEB0010374A /* CoreGraphics.framework */; };
		B3B10091134D6CEB0010374A /* libAMSpringboard.a in Frameworks */ = {isa = PBXBuildFile; fileRef = B3B1007C134D6CEB0010374A /* libAMSpringboard.a */; };
		B3B10097134D6CEB0010374A /* InfoPlist.strings in Resources */ = {isa = PBXBuildFile; fileRef = B3B10095134D6CEB0010374A /* InfoPlist.strings */; };
		B3B1009A134D6CEB0010374A /* AMSpringboardTests.h in Resources */ = {isa = PBXBuildFile; fileRef = B3B10099134D6CEB0010374A /* AMSpringboardTests.h */; };
		B3B1009C134D6CEB0010374A /* AMSpringboardTests.m in Sources */ = {isa = PBXBuildFile; fileRef = B3B1009B134D6CEB0010374A /* AMSpringboardTests.m */; };
		B3B100B2134D6D930010374A /* AMSpringboard.h in Headers */ = {isa = PBXBuildFile; fileRef = B3B100A5134D6D930010374A /* AMSpringboard.h */; settings = {ATTRIBUTES = (Public, ); }; };
		B3B100B3134D6D930010374A /* AMSpringboardDataProvider.h in Headers */ = {isa = PBXBuildFile; fileRef = B3B100A6134D6D930010374A /* AMSpringboardDataProvider.h */; settings = {ATTRIBUTES = (Public, ); }; };
		B3B100B4134D6D930010374A /* AMSpringboardDataProvider.m in Sources */ = {isa = PBXBuildFile; fileRef = B3B100A7134D6D930010374A /* AMSpringboardDataProvider.m */; };
		B3B100B5134D6D930010374A /* AMSpringboardItemSpecifier.h in Headers */ = {isa = PBXBuildFile; fileRef = B3B100A8134D6D930010374A /* AMSpringboardItemSpecifier.h */; settings = {ATTRIBUTES = (Public, ); }; };
		B3B100B6134D6D930010374A /* AMSpringboardItemSpecifier.m in Sources */ = {isa = PBXBuildFile; fileRef = B3B100A9134D6D930010374A /* AMSpringboardItemSpecifier.m */; };
		B3B100B7134D6D930010374A /* AMSpringboardView.h in Headers */ = {isa = PBXBuildFile; fileRef = B3B100AA134D6D930010374A /* AMSpringboardView.h */; settings = {ATTRIBUTES = (Public, ); }; };
		B3B100B8134D6D930010374A /* AMSpringboardView.m in Sources */ = {isa = PBXBuildFile; fileRef = B3B100AB134D6D930010374A /* AMSpringboardView.m */; };
		B3B100B9134D6D930010374A /* AMSpringboardViewCell.h in Headers */ = {isa = PBXBuildFile; fileRef = B3B100AC134D6D930010374A /* AMSpringboardViewCell.h */; settings = {ATTRIBUTES = (Public, ); }; };
		B3B100BA134D6D930010374A /* AMSpringboardViewCell.m in Sources */ = {isa = PBXBuildFile; fileRef = B3B100AD134D6D930010374A /* AMSpringboardViewCell.m */; };
		B3B100BB134D6D930010374A /* NSIndexPath+AMSpringboard.h in Headers */ = {isa = PBXBuildFile; fileRef = B3B100AE134D6D930010374A /* NSIndexPath+AMSpringboard.h */; settings = {ATTRIBUTES = (Public, ); }; };
		B3B100BC134D6D930010374A /* NSIndexPath+AMSpringboard.m in Sources */ = {isa = PBXBuildFile; fileRef = B3B100AF134D6D930010374A /* NSIndexPath+AMSpringboard.m */; };
		B3B100BD134D6D930010374A /* UIImage+AMHighlightedImage.h in Headers */ = {isa = PBXBuildFile; fileRef = B3B100B0134D6D930010374A /* UIImage+AMHighlightedImage.h */; settings = {ATTRIBUTES = (Public, ); }; };
		B3B100BE134D6D930010374A /* UIImage+AMHighlightedImage.m in Sources */ = {isa = PBXBuildFile; fileRef = B3B100B1134D6D930010374A /* UIImage+AMHighlightedImage.m */; };
		B3D5E6041399BAF800220888 /* libAMFoundation_iOS.a in Frameworks */ = {isa = PBXBuildFile; fileRef = B3D5E6031399BAF800220888 /* libAMFoundation_iOS.a */; };
/* End PBXBuildFile section */

/* Begin PBXContainerItemProxy section */
		B3B1008F134D6CEB0010374A /* PBXContainerItemProxy */ = {
			isa = PBXContainerItemProxy;
			containerPortal = B3B10073134D6CEB0010374A /* Project object */;
			proxyType = 1;
			remoteGlobalIDString = B3B1007B134D6CEB0010374A;
			remoteInfo = AMSpringboard;
		};
/* End PBXContainerItemProxy section */

/* Begin PBXFileReference section */
		B31F746F137F0BC500250779 /* PortableStaticLibrary.xcconfig */ = {isa = PBXFileReference; fileEncoding = 4; lastKnownFileType = text.xcconfig; path = PortableStaticLibrary.xcconfig; sourceTree = "<group>"; };
		B34904F2139AD14F00B08319 /* LoadableCategory.h */ = {isa = PBXFileReference; fileEncoding = 4; lastKnownFileType = sourcecode.c.h; path = LoadableCategory.h; sourceTree = "<group>"; };
		B3B1007C134D6CEB0010374A /* libAMSpringboard.a */ = {isa = PBXFileReference; explicitFileType = archive.ar; includeInIndex = 0; path = libAMSpringboard.a; sourceTree = BUILT_PRODUCTS_DIR; };
		B3B1007F134D6CEB0010374A /* Foundation.framework */ = {isa = PBXFileReference; lastKnownFileType = wrapper.framework; name = Foundation.framework; path = System/Library/Frameworks/Foundation.framework; sourceTree = SDKROOT; };
		B3B10083134D6CEB0010374A /* AMSpringboard-Prefix.pch */ = {isa = PBXFileReference; lastKnownFileType = sourcecode.c.h; path = "AMSpringboard-Prefix.pch"; sourceTree = "<group>"; };
		B3B10089134D6CEB0010374A /* AMSpringboardTests.octest */ = {isa = PBXFileReference; explicitFileType = wrapper.cfbundle; includeInIndex = 0; path = AMSpringboardTests.octest; sourceTree = BUILT_PRODUCTS_DIR; };
		B3B1008A134D6CEB0010374A /* UIKit.framework */ = {isa = PBXFileReference; lastKnownFileType = wrapper.framework; name = UIKit.framework; path = System/Library/Frameworks/UIKit.framework; sourceTree = SDKROOT; };
		B3B1008D134D6CEB0010374A /* CoreGraphics.framework */ = {isa = PBXFileReference; lastKnownFileType = wrapper.framework; name = CoreGraphics.framework; path = System/Library/Frameworks/CoreGraphics.framework; sourceTree = SDKROOT; };
		B3B10094134D6CEB0010374A /* AMSpringboardTests-Info.plist */ = {isa = PBXFileReference; lastKnownFileType = text.plist.xml; path = "AMSpringboardTests-Info.plist"; sourceTree = "<group>"; };
		B3B10096134D6CEB0010374A /* en */ = {isa = PBXFileReference; lastKnownFileType = text.plist.strings; name = en; path = en.lproj/InfoPlist.strings; sourceTree = "<group>"; };
		B3B10098134D6CEB0010374A /* AMSpringboardTests-Prefix.pch */ = {isa = PBXFileReference; lastKnownFileType = sourcecode.c.h; path = "AMSpringboardTests-Prefix.pch"; sourceTree = "<group>"; };
		B3B10099134D6CEB0010374A /* AMSpringboardTests.h */ = {isa = PBXFileReference; lastKnownFileType = sourcecode.c.h; path = AMSpringboardTests.h; sourceTree = "<group>"; };
		B3B1009B134D6CEB0010374A /* AMSpringboardTests.m */ = {isa = PBXFileReference; lastKnownFileType = sourcecode.c.objc; path = AMSpringboardTests.m; sourceTree = "<group>"; };
		B3B100A5134D6D930010374A /* AMSpringboard.h */ = {isa = PBXFileReference; fileEncoding = 4; lastKnownFileType = sourcecode.c.h; path = AMSpringboard.h; sourceTree = "<group>"; };
		B3B100A6134D6D930010374A /* AMSpringboardDataProvider.h */ = {isa = PBXFileReference; fileEncoding = 4; lastKnownFileType = sourcecode.c.h; path = AMSpringboardDataProvider.h; sourceTree = "<group>"; };
		B3B100A7134D6D930010374A /* AMSpringboardDataProvider.m */ = {isa = PBXFileReference; fileEncoding = 4; lastKnownFileType = sourcecode.c.objc; path = AMSpringboardDataProvider.m; sourceTree = "<group>"; };
		B3B100A8134D6D930010374A /* AMSpringboardItemSpecifier.h */ = {isa = PBXFileReference; fileEncoding = 4; lastKnownFileType = sourcecode.c.h; path = AMSpringboardItemSpecifier.h; sourceTree = "<group>"; };
		B3B100A9134D6D930010374A /* AMSpringboardItemSpecifier.m */ = {isa = PBXFileReference; fileEncoding = 4; lastKnownFileType = sourcecode.c.objc; path = AMSpringboardItemSpecifier.m; sourceTree = "<group>"; };
		B3B100AA134D6D930010374A /* AMSpringboardView.h */ = {isa = PBXFileReference; fileEncoding = 4; lastKnownFileType = sourcecode.c.h; path = AMSpringboardView.h; sourceTree = "<group>"; };
		B3B100AB134D6D930010374A /* AMSpringboardView.m */ = {isa = PBXFileReference; fileEncoding = 4; lastKnownFileType = sourcecode.c.objc; path = AMSpringboardView.m; sourceTree = "<group>"; };
		B3B100AC134D6D930010374A /* AMSpringboardViewCell.h */ = {isa = PBXFileReference; fileEncoding = 4; lastKnownFileType = sourcecode.c.h; path = AMSpringboardViewCell.h; sourceTree = "<group>"; };
		B3B100AD134D6D930010374A /* AMSpringboardViewCell.m */ = {isa = PBXFileReference; fileEncoding = 4; lastKnownFileType = sourcecode.c.objc; path = AMSpringboardViewCell.m; sourceTree = "<group>"; };
		B3B100AE134D6D930010374A /* NSIndexPath+AMSpringboard.h */ = {isa = PBXFileReference; fileEncoding = 4; lastKnownFileType = sourcecode.c.h; path = "NSIndexPath+AMSpringboard.h"; sourceTree = "<group>"; };
		B3B100AF134D6D930010374A /* NSIndexPath+AMSpringboard.m */ = {isa = PBXFileReference; fileEncoding = 4; lastKnownFileType = sourcecode.c.objc; path = "NSIndexPath+AMSpringboard.m"; sourceTree = "<group>"; };
		B3B100B0134D6D930010374A /* UIImage+AMHighlightedImage.h */ = {isa = PBXFileReference; fileEncoding = 4; lastKnownFileType = sourcecode.c.h; path = "UIImage+AMHighlightedImage.h"; sourceTree = "<group>"; };
		B3B100B1134D6D930010374A /* UIImage+AMHighlightedImage.m */ = {isa = PBXFileReference; fileEncoding = 4; lastKnownFileType = sourcecode.c.objc; path = "UIImage+AMHighlightedImage.m"; sourceTree = "<group>"; };
		B3D5E6031399BAF800220888 /* libAMFoundation_iOS.a */ = {isa = PBXFileReference; explicitFileType = archive.ar; path = libAMFoundation_iOS.a; sourceTree = SOURCE_ROOT; };
/* End PBXFileReference section */

/* Begin PBXFrameworksBuildPhase section */
		B3B10079134D6CEB0010374A /* Frameworks */ = {
			isa = PBXFrameworksBuildPhase;
			buildActionMask = 2147483647;
			files = (
				B3D5E6041399BAF800220888 /* libAMFoundation_iOS.a in Frameworks */,
				B3B10080134D6CEB0010374A /* Foundation.framework in Frameworks */,
			);
			runOnlyForDeploymentPostprocessing = 0;
		};
		B3B10085134D6CEB0010374A /* Frameworks */ = {
			isa = PBXFrameworksBuildPhase;
			buildActionMask = 2147483647;
			files = (
				B3B1008B134D6CEB0010374A /* UIKit.framework in Frameworks */,
				B3B1008C134D6CEB0010374A /* Foundation.framework in Frameworks */,
				B3B1008E134D6CEB0010374A /* CoreGraphics.framework in Frameworks */,
				B3B10091134D6CEB0010374A /* libAMSpringboard.a in Frameworks */,
			);
			runOnlyForDeploymentPostprocessing = 0;
		};
/* End PBXFrameworksBuildPhase section */

/* Begin PBXGroup section */
		B3B10071134D6CEB0010374A = {
			isa = PBXGroup;
			children = (
				B31F746F137F0BC500250779 /* PortableStaticLibrary.xcconfig */,
				B3B10081134D6CEB0010374A /* AMSpringboard */,
				B3B10092134D6CEB0010374A /* AMSpringboardTests */,
				B3B1007E134D6CEB0010374A /* Frameworks */,
				B3B1007D134D6CEB0010374A /* Products */,
			);
			sourceTree = "<group>";
		};
		B3B1007D134D6CEB0010374A /* Products */ = {
			isa = PBXGroup;
			children = (
				B3B1007C134D6CEB0010374A /* libAMSpringboard.a */,
				B3B10089134D6CEB0010374A /* AMSpringboardTests.octest */,
			);
			name = Products;
			sourceTree = "<group>";
		};
		B3B1007E134D6CEB0010374A /* Frameworks */ = {
			isa = PBXGroup;
			children = (
				B3D5E6031399BAF800220888 /* libAMFoundation_iOS.a */,
				B3B1007F134D6CEB0010374A /* Foundation.framework */,
				B3B1008A134D6CEB0010374A /* UIKit.framework */,
				B3B1008D134D6CEB0010374A /* CoreGraphics.framework */,
			);
			name = Frameworks;
			sourceTree = "<group>";
		};
		B3B10081134D6CEB0010374A /* AMSpringboard */ = {
			isa = PBXGroup;
			children = (
				B3B100A5134D6D930010374A /* AMSpringboard.h */,
				B3B100A6134D6D930010374A /* AMSpringboardDataProvider.h */,
				B3B100A7134D6D930010374A /* AMSpringboardDataProvider.m */,
				B3B100A8134D6D930010374A /* AMSpringboardItemSpecifier.h */,
				B3B100A9134D6D930010374A /* AMSpringboardItemSpecifier.m */,
				B3B100AA134D6D930010374A /* AMSpringboardView.h */,
				B3B100AB134D6D930010374A /* AMSpringboardView.m */,
				B3B100AC134D6D930010374A /* AMSpringboardViewCell.h */,
				B3B100AD134D6D930010374A /* AMSpringboardViewCell.m */,
				B3B100AE134D6D930010374A /* NSIndexPath+AMSpringboard.h */,
				B3B100AF134D6D930010374A /* NSIndexPath+AMSpringboard.m */,
				B3B100B0134D6D930010374A /* UIImage+AMHighlightedImage.h */,
				B3B100B1134D6D930010374A /* UIImage+AMHighlightedImage.m */,
				B3B10082134D6CEB0010374A /* Supporting Files */,
			);
			path = AMSpringboard;
			sourceTree = "<group>";
		};
		B3B10082134D6CEB0010374A /* Supporting Files */ = {
			isa = PBXGroup;
			children = (
				B34904F2139AD14F00B08319 /* LoadableCategory.h */,
				B3B10083134D6CEB0010374A /* AMSpringboard-Prefix.pch */,
			);
			name = "Supporting Files";
			sourceTree = "<group>";
		};
		B3B10092134D6CEB0010374A /* AMSpringboardTests */ = {
			isa = PBXGroup;
			children = (
				B3B10099134D6CEB0010374A /* AMSpringboardTests.h */,
				B3B1009B134D6CEB0010374A /* AMSpringboardTests.m */,
				B3B10093134D6CEB0010374A /* Supporting Files */,
			);
			path = AMSpringboardTests;
			sourceTree = "<group>";
		};
		B3B10093134D6CEB0010374A /* Supporting Files */ = {
			isa = PBXGroup;
			children = (
				B3B10094134D6CEB0010374A /* AMSpringboardTests-Info.plist */,
				B3B10095134D6CEB0010374A /* InfoPlist.strings */,
				B3B10098134D6CEB0010374A /* AMSpringboardTests-Prefix.pch */,
			);
			name = "Supporting Files";
			sourceTree = "<group>";
		};
/* End PBXGroup section */

/* Begin PBXHeadersBuildPhase section */
		B3B1007A134D6CEB0010374A /* Headers */ = {
			isa = PBXHeadersBuildPhase;
			buildActionMask = 2147483647;
			files = (
				B3B100B2134D6D930010374A /* AMSpringboard.h in Headers */,
				B3B100B3134D6D930010374A /* AMSpringboardDataProvider.h in Headers */,
				B3B100B5134D6D930010374A /* AMSpringboardItemSpecifier.h in Headers */,
				B3B100B7134D6D930010374A /* AMSpringboardView.h in Headers */,
				B3B100B9134D6D930010374A /* AMSpringboardViewCell.h in Headers */,
				B3B100BB134D6D930010374A /* NSIndexPath+AMSpringboard.h in Headers */,
				B3B100BD134D6D930010374A /* UIImage+AMHighlightedImage.h in Headers */,
				B34904F3139AD14F00B08319 /* LoadableCategory.h in Headers */,
			);
			runOnlyForDeploymentPostprocessing = 0;
		};
/* End PBXHeadersBuildPhase section */

/* Begin PBXNativeTarget section */
		B3B1007B134D6CEB0010374A /* AMSpringboard */ = {
			isa = PBXNativeTarget;
			buildConfigurationList = B3B1009F134D6CEB0010374A /* Build configuration list for PBXNativeTarget "AMSpringboard" */;
			buildPhases = (
				B3B10078134D6CEB0010374A /* Sources */,
				B3B10079134D6CEB0010374A /* Frameworks */,
				B3B1007A134D6CEB0010374A /* Headers */,
			);
			buildRules = (
			);
			dependencies = (
			);
			name = AMSpringboard;
			productName = AMSpringboard;
			productReference = B3B1007C134D6CEB0010374A /* libAMSpringboard.a */;
			productType = "com.apple.product-type.library.static";
		};
		B3B10088134D6CEB0010374A /* AMSpringboardTests */ = {
			isa = PBXNativeTarget;
			buildConfigurationList = B3B100A2134D6CEB0010374A /* Build configuration list for PBXNativeTarget "AMSpringboardTests" */;
			buildPhases = (
				B3B10084134D6CEB0010374A /* Sources */,
				B3B10085134D6CEB0010374A /* Frameworks */,
				B3B10086134D6CEB0010374A /* Resources */,
				B3B10087134D6CEB0010374A /* ShellScript */,
			);
			buildRules = (
			);
			dependencies = (
				B3B10090134D6CEB0010374A /* PBXTargetDependency */,
			);
			name = AMSpringboardTests;
			productName = AMSpringboardTests;
			productReference = B3B10089134D6CEB0010374A /* AMSpringboardTests.octest */;
			productType = "com.apple.product-type.bundle";
		};
/* End PBXNativeTarget section */

/* Begin PBXProject section */
		B3B10073134D6CEB0010374A /* Project object */ = {
			isa = PBXProject;
			attributes = {
				ORGANIZATIONNAME = MindSnacks;
			};
			buildConfigurationList = B3B10076134D6CEB0010374A /* Build configuration list for PBXProject "AMSpringboard" */;
			compatibilityVersion = "Xcode 3.2";
			developmentRegion = English;
			hasScannedForEncodings = 0;
			knownRegions = (
				en,
			);
			mainGroup = B3B10071134D6CEB0010374A;
			productRefGroup = B3B1007D134D6CEB0010374A /* Products */;
			projectDirPath = "";
			projectRoot = "";
			targets = (
				B3B1007B134D6CEB0010374A /* AMSpringboard */,
				B3B10088134D6CEB0010374A /* AMSpringboardTests */,
			);
		};
/* End PBXProject section */

/* Begin PBXResourcesBuildPhase section */
		B3B10086134D6CEB0010374A /* Resources */ = {
			isa = PBXResourcesBuildPhase;
			buildActionMask = 2147483647;
			files = (
				B3B10097134D6CEB0010374A /* InfoPlist.strings in Resources */,
				B3B1009A134D6CEB0010374A /* AMSpringboardTests.h in Resources */,
			);
			runOnlyForDeploymentPostprocessing = 0;
		};
/* End PBXResourcesBuildPhase section */

/* Begin PBXShellScriptBuildPhase section */
		B3B10087134D6CEB0010374A /* ShellScript */ = {
			isa = PBXShellScriptBuildPhase;
			buildActionMask = 2147483647;
			files = (
			);
			inputPaths = (
			);
			outputPaths = (
			);
			runOnlyForDeploymentPostprocessing = 0;
			shellPath = /bin/sh;
			shellScript = "# Run the unit tests in this test bundle.\n\"${SYSTEM_DEVELOPER_DIR}/Tools/RunUnitTests\"\n";
		};
/* End PBXShellScriptBuildPhase section */

/* Begin PBXSourcesBuildPhase section */
		B3B10078134D6CEB0010374A /* Sources */ = {
			isa = PBXSourcesBuildPhase;
			buildActionMask = 2147483647;
			files = (
				B3B100B4134D6D930010374A /* AMSpringboardDataProvider.m in Sources */,
				B3B100B6134D6D930010374A /* AMSpringboardItemSpecifier.m in Sources */,
				B3B100B8134D6D930010374A /* AMSpringboardView.m in Sources */,
				B3B100BA134D6D930010374A /* AMSpringboardViewCell.m in Sources */,
				B3B100BC134D6D930010374A /* NSIndexPath+AMSpringboard.m in Sources */,
				B3B100BE134D6D930010374A /* UIImage+AMHighlightedImage.m in Sources */,
			);
			runOnlyForDeploymentPostprocessing = 0;
		};
		B3B10084134D6CEB0010374A /* Sources */ = {
			isa = PBXSourcesBuildPhase;
			buildActionMask = 2147483647;
			files = (
				B3B1009C134D6CEB0010374A /* AMSpringboardTests.m in Sources */,
			);
			runOnlyForDeploymentPostprocessing = 0;
		};
/* End PBXSourcesBuildPhase section */

/* Begin PBXTargetDependency section */
		B3B10090134D6CEB0010374A /* PBXTargetDependency */ = {
			isa = PBXTargetDependency;
			target = B3B1007B134D6CEB0010374A /* AMSpringboard */;
			targetProxy = B3B1008F134D6CEB0010374A /* PBXContainerItemProxy */;
		};
/* End PBXTargetDependency section */

/* Begin PBXVariantGroup section */
		B3B10095134D6CEB0010374A /* InfoPlist.strings */ = {
			isa = PBXVariantGroup;
			children = (
				B3B10096134D6CEB0010374A /* en */,
			);
			name = InfoPlist.strings;
			sourceTree = "<group>";
		};
/* End PBXVariantGroup section */

/* Begin XCBuildConfiguration section */
		B3B1009D134D6CEB0010374A /* Debug */ = {
			isa = XCBuildConfiguration;
			buildSettings = {
				ARCHS = "$(ARCHS_STANDARD_32_BIT)";
				GCC_C_LANGUAGE_STANDARD = gnu99;
				GCC_OPTIMIZATION_LEVEL = 0;
				GCC_PREPROCESSOR_DEFINITIONS = DEBUG;
				GCC_SYMBOLS_PRIVATE_EXTERN = NO;
				GCC_VERSION = com.apple.compilers.llvmgcc42;
				GCC_WARN_ABOUT_RETURN_TYPE = YES;
				GCC_WARN_UNUSED_VARIABLE = YES;
				IPHONEOS_DEPLOYMENT_TARGET = 4.3;
				SDKROOT = iphoneos;
			};
			name = Debug;
		};
		B3B1009E134D6CEB0010374A /* Release */ = {
			isa = XCBuildConfiguration;
			buildSettings = {
				ARCHS = "$(ARCHS_STANDARD_32_BIT)";
				GCC_C_LANGUAGE_STANDARD = gnu99;
				GCC_VERSION = com.apple.compilers.llvmgcc42;
				GCC_WARN_ABOUT_RETURN_TYPE = YES;
				GCC_WARN_UNUSED_VARIABLE = YES;
				IPHONEOS_DEPLOYMENT_TARGET = 4.3;
				SDKROOT = iphoneos;
			};
			name = Release;
		};
		B3B100A0134D6CEB0010374A /* Debug */ = {
			isa = XCBuildConfiguration;
			baseConfigurationReference = B31F746F137F0BC500250779 /* PortableStaticLibrary.xcconfig */;
			buildSettings = {
				ALWAYS_SEARCH_USER_PATHS = NO;
				DSTROOT = /tmp/AMSpringboard.dst;
				GCC_PRECOMPILE_PREFIX_HEADER = YES;
				GCC_PREFIX_HEADER = "AMSpringboard/AMSpringboard-Prefix.pch";
				LIBRARY_SEARCH_PATHS = (
					"$(inherited)",
					"\"$(SRCROOT)\"",
				);
				PRODUCT_NAME = "$(TARGET_NAME)";
				PUBLIC_HEADERS_FOLDER_PATH = include/$TARGET_NAME;
			};
			name = Debug;
		};
		B3B100A1134D6CEB0010374A /* Release */ = {
			isa = XCBuildConfiguration;
			baseConfigurationReference = B31F746F137F0BC500250779 /* PortableStaticLibrary.xcconfig */;
			buildSettings = {
				ALWAYS_SEARCH_USER_PATHS = NO;
				DSTROOT = /tmp/AMSpringboard.dst;
				GCC_PRECOMPILE_PREFIX_HEADER = YES;
				GCC_PREFIX_HEADER = "AMSpringboard/AMSpringboard-Prefix.pch";
				LIBRARY_SEARCH_PATHS = (
					"$(inherited)",
					"\"$(SRCROOT)\"",
				);
				PRODUCT_NAME = "$(TARGET_NAME)";
				PUBLIC_HEADERS_FOLDER_PATH = include/$TARGET_NAME;
			};
			name = Release;
		};
		B3B100A3134D6CEB0010374A /* Debug */ = {
			isa = XCBuildConfiguration;
			buildSettings = {
				ALWAYS_SEARCH_USER_PATHS = NO;
				FRAMEWORK_SEARCH_PATHS = (
					"$(SDKROOT)/Developer/Library/Frameworks",
					"$(DEVELOPER_LIBRARY_DIR)/Frameworks",
				);
				GCC_PRECOMPILE_PREFIX_HEADER = YES;
				GCC_PREFIX_HEADER = "AMSpringboardTests/AMSpringboardTests-Prefix.pch";
				INFOPLIST_FILE = "AMSpringboardTests/AMSpringboardTests-Info.plist";
				OTHER_LDFLAGS = (
					"-framework",
					SenTestingKit,
				);
				PRODUCT_NAME = "$(TARGET_NAME)";
				WRAPPER_EXTENSION = octest;
			};
			name = Debug;
		};
		B3B100A4134D6CEB0010374A /* Release */ = {
			isa = XCBuildConfiguration;
			buildSettings = {
				ALWAYS_SEARCH_USER_PATHS = NO;
				FRAMEWORK_SEARCH_PATHS = (
					"$(SDKROOT)/Developer/Library/Frameworks",
					"$(DEVELOPER_LIBRARY_DIR)/Frameworks",
				);
				GCC_PRECOMPILE_PREFIX_HEADER = YES;
				GCC_PREFIX_HEADER = "AMSpringboardTests/AMSpringboardTests-Prefix.pch";
				INFOPLIST_FILE = "AMSpringboardTests/AMSpringboardTests-Info.plist";
				OTHER_LDFLAGS = (
					"-framework",
					SenTestingKit,
				);
				PRODUCT_NAME = "$(TARGET_NAME)";
				WRAPPER_EXTENSION = octest;
			};
			name = Release;
		};
/* End XCBuildConfiguration section */

/* Begin XCConfigurationList section */
		B3B10076134D6CEB0010374A /* Build configuration list for PBXProject "AMSpringboard" */ = {
			isa = XCConfigurationList;
			buildConfigurations = (
				B3B1009D134D6CEB0010374A /* Debug */,
				B3B1009E134D6CEB0010374A /* Release */,
			);
			defaultConfigurationIsVisible = 0;
			defaultConfigurationName = Release;
		};
		B3B1009F134D6CEB0010374A /* Build configuration list for PBXNativeTarget "AMSpringboard" */ = {
			isa = XCConfigurationList;
			buildConfigurations = (
				B3B100A0134D6CEB0010374A /* Debug */,
				B3B100A1134D6CEB0010374A /* Release */,
			);
			defaultConfigurationIsVisible = 0;
			defaultConfigurationName = Release;
		};
		B3B100A2134D6CEB0010374A /* Build configuration list for PBXNativeTarget "AMSpringboardTests" */ = {
			isa = XCConfigurationList;
			buildConfigurations = (
				B3B100A3134D6CEB0010374A /* Debug */,
				B3B100A4134D6CEB0010374A /* Release */,
			);
			defaultConfigurationIsVisible = 0;
			defaultConfigurationName = Release;
		};
/* End XCConfigurationList section */
	};
	rootObject = B3B10073134D6CEB0010374A /* Project object */;
}
